
Microsoft Visual Studio Solution File, Format Version 12.00
# Visual Studio 15
VisualStudioVersion = 15.0.28307.102
MinimumVisualStudioVersion = 10.0.40219.1
Project("{8BC9CEB8-8B4A-11D0-8D11-00A0C91BC942}") = "Lesson1Modul5HomeWork1546953907", "Lesson1Modul5HomeWork1546953907\Lesson1Modul5HomeWork1546953907.vcxproj", "{DAFE5D6A-DBD5-4B10-B218-5708F79E4E47}"
EndProject
Global
	GlobalSection(SolutionConfigurationPlatforms) = preSolution
		Debug|x64 = Debug|x64
		Debug|x86 = Debug|x86
		Release|x64 = Release|x64
		Release|x86 = Release|x86
	EndGlobalSection
	GlobalSection(ProjectConfigurationPlatforms) = postSolution
		{DAFE5D6A-DBD5-4B10-B218-5708F79E4E47}.Debug|x64.ActiveCfg = Debug|x64
		{DAFE5D6A-DBD5-4B10-B218-5708F79E4E47}.Debug|x64.Build.0 = Debug|x64
		{DAFE5D6A-DBD5-4B10-B218-5708F79E4E47}.Debug|x86.ActiveCfg = Debug|Win32
		{DAFE5D6A-DBD5-4B10-B218-5708F79E4E47}.Debug|x86.Build.0 = Debug|Win32
		{DAFE5D6A-DBD5-4B10-B218-5708F79E4E47}.Release|x64.ActiveCfg = Release|x64
		{DAFE5D6A-DBD5-4B10-B218-5708F79E4E47}.Release|x64.Build.0 = Release|x64
		{DAFE5D6A-DBD5-4B10-B218-5708F79E4E47}.Release|x86.ActiveCfg = Release|Win32
		{DAFE5D6A-DBD5-4B10-B218-5708F79E4E47}.Release|x86.Build.0 = Release|Win32
	EndGlobalSection
	GlobalSection(SolutionProperties) = preSolution
		HideSolutionNode = FALSE
	EndGlobalSection
	GlobalSection(ExtensibilityGlobals) = postSolution
		SolutionGuid = {B5D73BEA-D55C-4DEA-9680-633F818BBEA3}
	EndGlobalSection
EndGlobal
